{
  "name": "ods",
  "version": "1.0.0",
  "lockfileVersion": 1,
  "requires": true,
  "dependencies": {
    "amdefine": {
      "version": "1.0.1",
      "resolved": "https://registry.npmjs.org/amdefine/-/amdefine-1.0.1.tgz",
      "integrity": "sha1-SlKCrBZHKek2Gbz9OtFR+BfOkfU="
    },
    "ansi-regex": {
      "version": "2.1.1",
      "resolved": "https://registry.npmjs.org/ansi-regex/-/ansi-regex-2.1.1.tgz",
      "integrity": "sha1-w7M6te42DYbg5ijwRorn7yfWVN8="
    },
    "ansi-styles": {
      "version": "2.2.1",
      "resolved": "https://registry.npmjs.org/ansi-styles/-/ansi-styles-2.2.1.tgz",
      "integrity": "sha1-tDLdM1i2NM914eRmQ2gkBTPB3b4="
    },
    "argparse": {
      "version": "1.0.10",
      "resolved": "https://registry.npmjs.org/argparse/-/argparse-1.0.10.tgz",
      "integrity": "sha512-o5Roy6tNG4SL/FOkCAN6RzjiakZS25RLYFrcMttJqbdd8BWrnA+fGz57iN5Pb06pvBGvl5gQ0B48dJlslXvoTg==",
      "requires": {
        "sprintf-js": "~1.0.2"
      }
    },
    "autotrack": {
      "version": "2.4.1",
      "resolved": "https://registry.npmjs.org/autotrack/-/autotrack-2.4.1.tgz",
      "integrity": "sha512-79GgyClNc1U+iqbrKLaB/kk8lvGcvpmt8pJL7SfkJx/LF47x6TU/NquBhzXc1AtOFi4X14fa3Qxjlk6K6Om7dQ==",
      "requires": {
        "chalk": "^1.1.3",
        "dom-utils": "^0.9.0",
        "fs-extra": "^3.0.1",
        "glob": "^7.1.1",
        "google-closure-compiler-js": "^20170423.0.0",
        "gzip-size": "^3.0.0",
        "rollup": "^0.41.4",
        "rollup-plugin-memory": "^2.0.0",
        "rollup-plugin-node-resolve": "^3.0.0",
        "source-map": "^0.5.6"
      }
    },
    "balanced-match": {
      "version": "1.0.0",
      "resolved": "https://registry.npmjs.org/balanced-match/-/balanced-match-1.0.0.tgz",
      "integrity": "sha1-ibTRmasr7kneFk6gK4nORi1xt2c="
    },
    "base64-arraybuffer": {
      "version": "0.2.0",
      "resolved": "https://registry.npmjs.org/base64-arraybuffer/-/base64-arraybuffer-0.2.0.tgz",
      "integrity": "sha512-7emyCsu1/xiBXgQZrscw/8KPRT44I4Yq9Pe6EGs3aPRTsWuggML1/1DTuZUuIaJPIm1FTDUVXl4x/yW8s0kQDQ=="
    },
    "bootstrap": {
      "version": "3.4.1",
      "resolved": "https://registry.npmjs.org/bootstrap/-/bootstrap-3.4.1.tgz",
      "integrity": "sha512-yN5oZVmRCwe5aKwzRj6736nSmKDX7pLYwsXiCj/EYmo16hODaBiT4En5btW/jhBF/seV+XMx3aYwukYC3A49DA=="
    },
    "brace-expansion": {
      "version": "1.1.11",
      "resolved": "https://registry.npmjs.org/brace-expansion/-/brace-expansion-1.1.11.tgz",
      "integrity": "sha512-iCuPHDFgrHX7H2vEI/5xpz07zSHB00TpugqhmYtVmMO6518mCuRMoOYFldEBl0g187ufozdaHgWKcYFb61qGiA==",
      "requires": {
        "balanced-match": "^1.0.0",
        "concat-map": "0.0.1"
      }
    },
    "builtin-modules": {
      "version": "2.0.0",
      "resolved": "https://registry.npmjs.org/builtin-modules/-/builtin-modules-2.0.0.tgz",
      "integrity": "sha512-3U5kUA5VPsRUA3nofm/BXX7GVHKfxz0hOBAPxXrIvHzlDRkQVqEn6yi8QJegxl4LzOHLdvb7XF5dVawa/VVYBg=="
    },
    "camelcase": {
      "version": "5.3.1",
      "resolved": "https://registry.npmjs.org/camelcase/-/camelcase-5.3.1.tgz",
      "integrity": "sha512-L28STB170nwWS63UjtlEOE3dldQApaJXZkOI1uMFfzf3rRuPegHaHesyee+YxQ+W6SvRDQV6UrdOdRiR153wJg=="
    },
    "chalk": {
      "version": "1.1.3",
      "resolved": "https://registry.npmjs.org/chalk/-/chalk-1.1.3.tgz",
      "integrity": "sha1-qBFcVeSnAv5NFQq9OHKCKn4J/Jg=",
      "requires": {
        "ansi-styles": "^2.2.1",
        "escape-string-regexp": "^1.0.2",
        "has-ansi": "^2.0.0",
        "strip-ansi": "^3.0.0",
        "supports-color": "^2.0.0"
      }
    },
    "chart.js": {
      "version": "2.9.3",
      "resolved": "https://registry.npmjs.org/chart.js/-/chart.js-2.9.3.tgz",
      "integrity": "sha512-+2jlOobSk52c1VU6fzkh3UwqHMdSlgH1xFv9FKMqHiNCpXsGPQa/+81AFa+i3jZ253Mq9aAycPwDjnn1XbRNNw==",
      "requires": {
        "chartjs-color": "^2.1.0",
        "moment": "^2.10.2"
      }
    },
    "chartjs-color": {
      "version": "2.4.1",
      "resolved": "https://registry.npmjs.org/chartjs-color/-/chartjs-color-2.4.1.tgz",
      "integrity": "sha512-haqOg1+Yebys/Ts/9bLo/BqUcONQOdr/hoEr2LLTRl6C5LXctUdHxsCYfvQVg5JIxITrfCNUDr4ntqmQk9+/0w==",
      "requires": {
        "chartjs-color-string": "^0.6.0",
        "color-convert": "^1.9.3"
      }
    },
    "chartjs-color-string": {
      "version": "0.6.0",
      "resolved": "https://registry.npmjs.org/chartjs-color-string/-/chartjs-color-string-0.6.0.tgz",
      "integrity": "sha512-TIB5OKn1hPJvO7JcteW4WY/63v6KwEdt6udfnDE9iCAZgy+V4SrbSxoIbTw/xkUIapjEI4ExGtD0+6D3KyFd7A==",
      "requires": {
        "color-name": "^1.0.0"
      }
    },
    "chartjs-plugin-annotation": {
      "version": "0.5.7",
      "resolved": "https://registry.npmjs.org/chartjs-plugin-annotation/-/chartjs-plugin-annotation-0.5.7.tgz",
      "integrity": "sha1-G/DjAZmmqf+Yic4PN6HnVagNEL8=",
      "requires": {
        "chart.js": "^2.4.0"
      }
    },
    "chroma-js": {
      "version": "1.4.0",
      "resolved": "https://registry.npmjs.org/chroma-js/-/chroma-js-1.4.0.tgz",
      "integrity": "sha512-5vBYGJkhSnK2SRZ0XkxwTL+TSRyP7PHIxjeg+1uce5qpNDRLLwAXcF12kIztas/BYakWPQhchzV4TKkiwKNd8Q=="
    },
    "cliui": {
      "version": "6.0.0",
      "resolved": "https://registry.npmjs.org/cliui/-/cliui-6.0.0.tgz",
      "integrity": "sha512-t6wbgtoCXvAzst7QgXxJYqPt0usEfbgQdftEPbLL/cvv6HPE5VgvqCuAIDR0NgU52ds6rFwqrgakNLrHEjCbrQ==",
      "requires": {
        "string-width": "^4.2.0",
        "strip-ansi": "^6.0.0",
        "wrap-ansi": "^6.2.0"
      },
      "dependencies": {
        "ansi-regex": {
          "version": "5.0.0",
          "resolved": "https://registry.npmjs.org/ansi-regex/-/ansi-regex-5.0.0.tgz",
          "integrity": "sha512-bY6fj56OUQ0hU1KjFNDQuJFezqKdrAyFdIevADiqrWHwSlbmBNMHp5ak2f40Pm8JTFyM2mqxkG6ngkHO11f/lg=="
        },
        "strip-ansi": {
          "version": "6.0.0",
          "resolved": "https://registry.npmjs.org/strip-ansi/-/strip-ansi-6.0.0.tgz",
          "integrity": "sha512-AuvKTrTfQNYNIctbR1K/YGTR1756GycPsg7b9bdV9Duqur4gv6aKqHXah67Z8ImS7WEz5QVcOtlfW2rZEugt6w==",
          "requires": {
            "ansi-regex": "^5.0.0"
          }
        }
      }
    },
    "clone": {
      "version": "2.1.2",
      "resolved": "https://registry.npmjs.org/clone/-/clone-2.1.2.tgz",
      "integrity": "sha1-G39Ln1kfHo+DZwQBYANFoCiHQ18="
    },
    "clone-buffer": {
      "version": "1.0.0",
      "resolved": "https://registry.npmjs.org/clone-buffer/-/clone-buffer-1.0.0.tgz",
      "integrity": "sha1-4+JbIHrE5wGvch4staFnksrD3Fg="
    },
    "clone-stats": {
      "version": "1.0.0",
      "resolved": "https://registry.npmjs.org/clone-stats/-/clone-stats-1.0.0.tgz",
      "integrity": "sha1-s3gt/4u1R04Yuba/D9/ngvh3doA="
    },
    "cloneable-readable": {
      "version": "1.1.3",
      "resolved": "https://registry.npmjs.org/cloneable-readable/-/cloneable-readable-1.1.3.tgz",
      "integrity": "sha512-2EF8zTQOxYq70Y4XKtorQupqF0m49MBz2/yf5Bj+MHjvpG3Hy7sImifnqD6UA+TKYxeSV+u6qqQPawN5UvnpKQ==",
      "requires": {
        "inherits": "^2.0.1",
        "process-nextick-args": "^2.0.0",
        "readable-stream": "^2.3.5"
      }
    },
    "color-convert": {
      "version": "1.9.3",
      "resolved": "https://registry.npmjs.org/color-convert/-/color-convert-1.9.3.tgz",
      "integrity": "sha512-QfAUtd+vFdAtFQcC8CCyYt1fYWxSqAiK2cSD6zDB8N3cpsEBAvRxp9zOGg6G/SHHJYAT88/az/IuDGALsNVbGg==",
      "requires": {
        "color-name": "1.1.3"
      },
      "dependencies": {
        "color-name": {
          "version": "1.1.3",
          "resolved": "https://registry.npmjs.org/color-name/-/color-name-1.1.3.tgz",
          "integrity": "sha1-p9BVi9icQveV3UIyj3QIMcpTvCU="
        }
      }
    },
    "color-name": {
      "version": "1.1.4",
      "resolved": "https://registry.npmjs.org/color-name/-/color-name-1.1.4.tgz",
      "integrity": "sha512-dOy+3AuW3a2wNbZHIuMZpTcgjGuLU/uBL/ubcZF9OXbDo8ff4O8yVp5Bf0efS8uEoYo5q4Fx7dY9OgQGXgAsQA=="
    },
    "concat-map": {
      "version": "0.0.1",
      "resolved": "https://registry.npmjs.org/concat-map/-/concat-map-0.0.1.tgz",
      "integrity": "sha1-2Klr13/Wjfd5OnMDajug1UBdR3s="
    },
    "core-util-is": {
      "version": "1.0.2",
      "resolved": "https://registry.npmjs.org/core-util-is/-/core-util-is-1.0.2.tgz",
      "integrity": "sha1-tf1UIgqivFq1eqtxQMlAdUUDwac="
    },
    "css-line-break": {
      "version": "1.1.1",
      "resolved": "https://registry.npmjs.org/css-line-break/-/css-line-break-1.1.1.tgz",
      "integrity": "sha512-1feNVaM4Fyzdj4mKPIQNL2n70MmuYzAXZ1aytlROFX1JsOo070OsugwGjj7nl6jnDJWHDM8zRZswkmeYVWZJQA==",
      "requires": {
        "base64-arraybuffer": "^0.2.0"
      }
    },
    "datatables": {
      "version": "1.10.18",
      "resolved": "https://registry.npmjs.org/datatables/-/datatables-1.10.18.tgz",
      "integrity": "sha512-ntatMgS9NN6UMpwbmO+QkYJuKlVeMA2Mi0Gu/QxyIh+dW7ZjLSDhPT2tWlzjpIWEkDYgieDzS9Nu7bdQCW0sbQ==",
      "requires": {
        "jquery": ">=1.7"
      }
    },
    "datatables-bootstrap": {
      "version": "0.0.1",
      "resolved": "https://registry.npmjs.org/datatables-bootstrap/-/datatables-bootstrap-0.0.1.tgz",
      "integrity": "sha1-MfFpFiO77Yf+tyyDaC0edco/xvk=",
      "requires": {
        "datatables": ">=1.10.0",
        "jquery": ">=1.7.0"
      }
    },
    "decamelize": {
      "version": "1.2.0",
      "resolved": "https://registry.npmjs.org/decamelize/-/decamelize-1.2.0.tgz",
      "integrity": "sha1-9lNNFRSCabIDUue+4m9QH5oZEpA="
    },
    "doctrine": {
      "version": "3.0.0",
      "resolved": "https://registry.npmjs.org/doctrine/-/doctrine-3.0.0.tgz",
      "integrity": "sha512-yS+Q5i3hBf7GBkd4KG8a7eBNNWNGLTaEwwYWUijIYM7zrlYDM0BFXHjjPWlWZ1Rg7UaddZeIDmi9jF3HmqiQ2w==",
      "requires": {
        "esutils": "^2.0.2"
      }
    },
    "dom-utils": {
      "version": "0.9.0",
      "resolved": "https://registry.npmjs.org/dom-utils/-/dom-utils-0.9.0.tgz",
      "integrity": "sha1-5hWlrxWsRQXlXvYSxytbXRdhIfM="
    },
    "duplexer": {
      "version": "0.1.2",
      "resolved": "https://registry.npmjs.org/duplexer/-/duplexer-0.1.2.tgz",
      "integrity": "sha512-jtD6YG370ZCIi/9GTaJKQxWTZD045+4R4hTk/x1UyoqadyJ9x9CgSi1RlVDQF8U2sxLLSnFkCaMihqljHIWgMg=="
    },
    "emoji-regex": {
      "version": "8.0.0",
      "resolved": "https://registry.npmjs.org/emoji-regex/-/emoji-regex-8.0.0.tgz",
      "integrity": "sha512-MSjYzcWNOA0ewAHpz0MxpYFvwg6yjy1NG3xteoqz644VCo/RPgnr1/GGt+ic3iJTzQ8Eu3TdM14SawnVUmGE6A=="
    },
    "entities": {
      "version": "2.0.3",
      "resolved": "https://registry.npmjs.org/entities/-/entities-2.0.3.tgz",
      "integrity": "sha512-MyoZ0jgnLvB2X3Lg5HqpFmn1kybDiIfEQmKzTb5apr51Rb+T3KdmMiqa70T+bhGnyv7bQ6WMj2QMHpGMmlrUYQ=="
    },
    "escape-string-regexp": {
      "version": "1.0.5",
      "resolved": "https://registry.npmjs.org/escape-string-regexp/-/escape-string-regexp-1.0.5.tgz",
      "integrity": "sha1-G2HAViGQqN/2rjuyzwIAyhMLhtQ="
    },
    "esutils": {
      "version": "2.0.3",
      "resolved": "https://registry.npmjs.org/esutils/-/esutils-2.0.3.tgz",
      "integrity": "sha512-kVscqXk4OCp68SZ0dkgEKVi6/8ij300KBWTJq32P/dYeWTSwK41WyTxalN1eRmA5Z9UU/LX9D7FWSmV9SAYx6g=="
    },
    "file": {
      "version": "0.2.2",
      "resolved": "https://registry.npmjs.org/file/-/file-0.2.2.tgz",
      "integrity": "sha1-w9/Y+M81Na5FXCtCPC5SY112tNM="
    },
    "file-saver": {
      "version": "2.0.2",
      "resolved": "https://registry.npmjs.org/file-saver/-/file-saver-2.0.2.tgz",
      "integrity": "sha512-Wz3c3XQ5xroCxd1G8b7yL0Ehkf0TC9oYC6buPFkNnU9EnaPlifeAFCyCh+iewXTyFRcg0a6j3J7FmJsIhlhBdw=="
    },
    "find-up": {
      "version": "4.1.0",
      "resolved": "https://registry.npmjs.org/find-up/-/find-up-4.1.0.tgz",
      "integrity": "sha512-PpOwAdQ/YlXQ2vj8a3h8IipDuYRi3wceVQQGYWxNINccq40Anw7BlsEXCMbt1Zt+OLA6Fq9suIpIWD0OsnISlw==",
      "requires": {
        "locate-path": "^5.0.0",
        "path-exists": "^4.0.0"
      }
    },
    "font-awesome": {
      "version": "4.5.0",
      "resolved": "https://registry.npmjs.org/font-awesome/-/font-awesome-4.5.0.tgz",
      "integrity": "sha1-Hp18z31jvb5XAA4Y1RiMslV+cPg="
    },
    "fs-extra": {
      "version": "3.0.1",
      "resolved": "https://registry.npmjs.org/fs-extra/-/fs-extra-3.0.1.tgz",
      "integrity": "sha1-N5TzeMWLNC6n27sjCVEJxLO2IpE=",
      "requires": {
        "graceful-fs": "^4.1.2",
        "jsonfile": "^3.0.0",
        "universalify": "^0.1.0"
      }
    },
    "fs.realpath": {
      "version": "1.0.0",
      "resolved": "https://registry.npmjs.org/fs.realpath/-/fs.realpath-1.0.0.tgz",
      "integrity": "sha1-FQStJSMVjKpA20onh8sBQRmU6k8="
    },
    "function-bind": {
      "version": "1.1.1",
      "resolved": "https://registry.npmjs.org/function-bind/-/function-bind-1.1.1.tgz",
      "integrity": "sha512-yIovAzMX49sF8Yl58fSCWJ5svSLuaibPxXQJFLmBObTuCr0Mf1KiPopGM9NiFjiYBCbfaa2Fh6breQ6ANVTI0A=="
    },
    "get-caller-file": {
      "version": "2.0.5",
      "resolved": "https://registry.npmjs.org/get-caller-file/-/get-caller-file-2.0.5.tgz",
      "integrity": "sha512-DyFP3BM/3YHTQOCUL/w0OZHR0lpKeGrxotcHWcqNEdnltqFwXVfhEBQ94eIo34AfQpo0rGki4cyIiftY06h2Fg=="
    },
    "glob": {
      "version": "7.1.6",
      "resolved": "https://registry.npmjs.org/glob/-/glob-7.1.6.tgz",
      "integrity": "sha512-LwaxwyZ72Lk7vZINtNNrywX0ZuLyStrdDtabefZKAY5ZGJhVtgdznluResxNmPitE0SAO+O26sWTHeKSI2wMBA==",
      "requires": {
        "fs.realpath": "^1.0.0",
        "inflight": "^1.0.4",
        "inherits": "2",
        "minimatch": "^3.0.4",
        "once": "^1.3.0",
        "path-is-absolute": "^1.0.0"
      }
    },
    "google-closure-compiler-js": {
      "version": "20170423.0.0",
      "resolved": "https://registry.npmjs.org/google-closure-compiler-js/-/google-closure-compiler-js-20170423.0.0.tgz",
      "integrity": "sha1-6ei0Da398OZARMlHm10m0ih3j7w=",
      "requires": {
        "minimist": "^1.2.0",
        "vinyl": "^2.0.1",
        "webpack-core": "^0.6.8"
      }
    },
    "graceful-fs": {
      "version": "4.2.4",
      "resolved": "https://registry.npmjs.org/graceful-fs/-/graceful-fs-4.2.4.tgz",
      "integrity": "sha512-WjKPNJF79dtJAVniUlGGWHYGz2jWxT6VhN/4m1NdkbZ2nOsEF+cI1Edgql5zCRhs/VsQYRvrXctxktVXZUkixw=="
    },
    "gzip-size": {
      "version": "3.0.0",
      "resolved": "https://registry.npmjs.org/gzip-size/-/gzip-size-3.0.0.tgz",
      "integrity": "sha1-VGGI6b3DN/Zzdy+BZgRks4nc5SA=",
      "requires": {
        "duplexer": "^0.1.1"
      }
    },
    "has": {
      "version": "1.0.3",
      "resolved": "https://registry.npmjs.org/has/-/has-1.0.3.tgz",
      "integrity": "sha512-f2dvO0VU6Oej7RkWJGrehjbzMAjFp5/VKPp5tTpWIV4JHHZK1/BxbFRtf/siA2SWTe09caDmVtYYzWEIbBS4zw==",
      "requires": {
        "function-bind": "^1.1.1"
      }
    },
    "has-ansi": {
      "version": "2.0.0",
      "resolved": "https://registry.npmjs.org/has-ansi/-/has-ansi-2.0.0.tgz",
      "integrity": "sha1-NPUEnOHs3ysGSa8+8k5F7TVBbZE=",
      "requires": {
        "ansi-regex": "^2.0.0"
      }
    },
    "html2canvas": {
      "version": "1.0.0-rc.3",
      "resolved": "https://registry.npmjs.org/html2canvas/-/html2canvas-1.0.0-rc.3.tgz",
      "integrity": "sha512-nWRk34IO3QopcDYpiPAbRW6VoI10H7uxEhcSFjox0JB6wZOMd6Mak+NqHPLljSFFEOvBjPafyRgcHnuWcFpWvg==",
      "requires": {
        "css-line-break": "1.1.1"
      }
    },
    "inflight": {
      "version": "1.0.6",
      "resolved": "https://registry.npmjs.org/inflight/-/inflight-1.0.6.tgz",
      "integrity": "sha1-Sb1jMdfQLQwJvJEKEHW6gWW1bfk=",
      "requires": {
        "once": "^1.3.0",
        "wrappy": "1"
      }
    },
    "inherits": {
      "version": "2.0.4",
      "resolved": "https://registry.npmjs.org/inherits/-/inherits-2.0.4.tgz",
      "integrity": "sha512-k/vGaX4/Yla3WzyMCvTQOXYeIHvqOKtnqBduzTHpzpQZzAskKMhZ2K+EnBiSM9zGSoIFeMpXKxa4dYeZIQqewQ=="
    },
    "is-core-module": {
      "version": "2.2.0",
      "resolved": "https://registry.npmjs.org/is-core-module/-/is-core-module-2.2.0.tgz",
      "integrity": "sha512-XRAfAdyyY5F5cOXn7hYQDqh2Xmii+DEfIcQGxK/uNwMHhIkPWO0g8msXcbzLe+MpGoR951MlqM/2iIlU4vKDdQ==",
      "requires": {
        "has": "^1.0.3"
      }
    },
    "is-fullwidth-code-point": {
      "version": "3.0.0",
      "resolved": "https://registry.npmjs.org/is-fullwidth-code-point/-/is-fullwidth-code-point-3.0.0.tgz",
      "integrity": "sha512-zymm5+u+sCsSWyD9qNaejV3DFvhCKclKdizYaJUuHA83RLjb7nSuGnddCHGv0hk+KY7BMAlsWeK4Ueg6EV6XQg=="
    },
    "is-module": {
      "version": "1.0.0",
      "resolved": "https://registry.npmjs.org/is-module/-/is-module-1.0.0.tgz",
      "integrity": "sha1-Mlj7afeMFNW4FdZkM2tM/7ZEFZE="
    },
    "isarray": {
      "version": "1.0.0",
      "resolved": "https://registry.npmjs.org/isarray/-/isarray-1.0.0.tgz",
      "integrity": "sha1-u5NdSFgsuhaMBoNJV6VKPgcSTxE="
    },
    "iso8601-js-period": {
      "version": "0.2.1",
      "resolved": "https://registry.npmjs.org/iso8601-js-period/-/iso8601-js-period-0.2.1.tgz",
      "integrity": "sha512-iDyz2TQFBd5WhCZjruOwHj01JkQGu7YbVLCVdpA7lCGEcBzE3ffCPAhLh/M8TAp//kCixPpYN4XU54WHCxvD2Q=="
    },
    "jquery": {
      "version": "3.4.1",
      "resolved": "https://registry.npmjs.org/jquery/-/jquery-3.4.1.tgz",
      "integrity": "sha512-36+AdBzCL+y6qjw5Tx7HgzeGCzC81MDDgaUP8ld2zhx58HdqXGoBd+tHdrBMiyjGQs0Hxs/MLZTu/eHNJJuWPw=="
    },
    "jsonfile": {
      "version": "3.0.1",
      "resolved": "https://registry.npmjs.org/jsonfile/-/jsonfile-3.0.1.tgz",
      "integrity": "sha1-pezG9l9T9mLEQVx2daAzHQmS7GY=",
      "requires": {
        "graceful-fs": "^4.1.6"
      }
    },
    "leaflet": {
      "version": "1.7.1",
      "resolved": "https://registry.npmjs.org/leaflet/-/leaflet-1.7.1.tgz",
      "integrity": "sha512-/xwPEBidtg69Q3HlqPdU3DnrXQOvQU/CCHA1tcDQVzOwm91YMYaILjNp7L4Eaw5Z4sOYdbBz6koWyibppd8Zqw=="
    },
    "leaflet-fullscreen": {
      "version": "1.0.1",
      "resolved": "https://registry.npmjs.org/leaflet-fullscreen/-/leaflet-fullscreen-1.0.1.tgz",
      "integrity": "sha1-NaSU1+TsSTrjhVwh+MaHd9zZsaw="
    },
    "leaflet-search": {
      "version": "2.9.7",
      "resolved": "https://registry.npmjs.org/leaflet-search/-/leaflet-search-2.9.7.tgz",
      "integrity": "sha512-v7CxEbXyQXqLFjSkTpvM5i1cvmrcPOos57UmTnR94qqvVZykXyz/0SKEs3cbkFHjyrmMQ3Yk2Q5W6PvyuiSuPg==",
      "requires": {
        "leaflet": "*"
      }
    },
    "leaflet-timedimension": {
      "version": "1.1.1",
      "resolved": "https://registry.npmjs.org/leaflet-timedimension/-/leaflet-timedimension-1.1.1.tgz",
      "integrity": "sha512-ejXldN94veRsWka1vpC+4rbH+2+3d3ztn2xYx4jcXtjYDrKC/sNnoqCmyH2UEYIy51PI2851aI2k8uGdOEbhlw==",
      "requires": {
        "iso8601-js-period": "^0.2.1",
        "leaflet": "~0.7.4 || ~1"
      }
    },
    "leaflet.zoomhome": {
      "version": "1.0.0",
      "resolved": "https://registry.npmjs.org/leaflet.zoomhome/-/leaflet.zoomhome-1.0.0.tgz",
      "integrity": "sha512-9f5h9pseGHc1Tr3UbgRIwK6Qi3eW9RvAadrUjpDoeJz6o1fmDirxEY9amxAH79QRG5zASfyZQwXvuzg+ldGf8w=="
    },
    "leaflet.zoomshowhide": {
      "version": "0.1.0",
      "resolved": "https://registry.npmjs.org/leaflet.zoomshowhide/-/leaflet.zoomshowhide-0.1.0.tgz",
      "integrity": "sha1-HBiMpdEbI6lDKJgNQ0H9xerd9rc="
    },
    "linkify-it": {
      "version": "2.2.0",
      "resolved": "https://registry.npmjs.org/linkify-it/-/linkify-it-2.2.0.tgz",
      "integrity": "sha512-GnAl/knGn+i1U/wjBz3akz2stz+HrHLsxMwHQGofCDfPvlf+gDKN58UtfmUquTY4/MXeE2x7k19KQmeoZi94Iw==",
      "requires": {
        "uc.micro": "^1.0.1"
      }
    },
    "locate-path": {
      "version": "5.0.0",
      "resolved": "https://registry.npmjs.org/locate-path/-/locate-path-5.0.0.tgz",
      "integrity": "sha512-t7hw9pI+WvuwNJXwk5zVHpyhIqzg2qTlklJOf0mVxGSbe3Fp2VieZcduNYjaLDoy6p9uGpQEGWG87WpMKlNq8g==",
      "requires": {
        "p-locate": "^4.1.0"
      }
    },
    "lodash": {
      "version": "4.17.20",
      "resolved": "https://registry.npmjs.org/lodash/-/lodash-4.17.20.tgz",
      "integrity": "sha512-PlhdFcillOINfeV7Ni6oF1TAEayyZBoZ8bcshTHqOYJYlrqzRK5hagpagky5o4HfCzzd1TRkXPMFq6cKk9rGmA=="
    },
    "lunr": {
      "version": "2.3.9",
      "resolved": "https://registry.npmjs.org/lunr/-/lunr-2.3.9.tgz",
      "integrity": "sha512-zTU3DaZaF3Rt9rhN3uBMGQD3dD2/vFQqnvZCDv4dl5iOzq2IZQqTxu90r4E5J+nP70J3ilqVCrbho2eWaeW8Ow=="
    },
    "lunr-languages": {
      "version": "1.4.0",
      "resolved": "https://registry.npmjs.org/lunr-languages/-/lunr-languages-1.4.0.tgz",
      "integrity": "sha512-YWfZDExJN/MJEVE/DbM4AuVRLsqeHi+q3wmECMsWjGIOkd5mr9DUNos7fv8f5do9VLRMYXIzFjn+N4+KPI9pQA=="
    },
    "markdown-it": {
      "version": "10.0.0",
      "resolved": "https://registry.npmjs.org/markdown-it/-/markdown-it-10.0.0.tgz",
      "integrity": "sha512-YWOP1j7UbDNz+TumYP1kpwnP0aEa711cJjrAQrzd0UXlbJfc5aAq0F/PZHjiioqDC1NKgvIMX+o+9Bk7yuM2dg==",
      "requires": {
        "argparse": "^1.0.7",
        "entities": "~2.0.0",
        "linkify-it": "^2.0.0",
        "mdurl": "^1.0.1",
        "uc.micro": "^1.0.5"
      }
    },
    "mathjax": {
      "version": "3.1.2",
      "resolved": "https://registry.npmjs.org/mathjax/-/mathjax-3.1.2.tgz",
      "integrity": "sha512-BojKspBv4nNWzO1wC6VEI+g9gHDOhkaGHGgLxXkasdU4pwjdO5AXD5M/wcLPkXYPjZ/N+6sU8rjQTlyvN2cWiQ=="
    },
    "mdurl": {
      "version": "1.0.1",
      "resolved": "https://registry.npmjs.org/mdurl/-/mdurl-1.0.1.tgz",
      "integrity": "sha1-/oWy7HWlkDfyrf7BAP1sYBdhFS4="
    },
    "minimatch": {
      "version": "3.0.4",
      "resolved": "https://registry.npmjs.org/minimatch/-/minimatch-3.0.4.tgz",
      "integrity": "sha512-yJHVQEhyqPLUTgt9B83PXu6W3rx4MvvHvSUvToogpwoGDOUQ+yDrR0HRot+yOCdCO7u4hX3pWft6kWBBcqh0UA==",
      "requires": {
        "brace-expansion": "^1.1.7"
      }
    },
    "minimist": {
      "version": "1.2.5",
      "resolved": "https://registry.npmjs.org/minimist/-/minimist-1.2.5.tgz",
      "integrity": "sha512-FM9nNUYrRBAELZQT3xeZQ7fmMOBg6nWNmJKTcgsJeaLstP/UODVpGsr5OhXhhXg6f+qtJ8uiZ+PUxkDWcgIXLw=="
    },
    "mkdirp": {
      "version": "0.5.5",
      "resolved": "https://registry.npmjs.org/mkdirp/-/mkdirp-0.5.5.tgz",
      "integrity": "sha512-NKmAlESf6jMGym1++R0Ra7wvhV+wFW63FaSOFPwRahvea0gMUcGUhVeAg/0BC0wiv9ih5NYPB1Wn1UEI1/L+xQ==",
      "requires": {
        "minimist": "^1.2.5"
      }
    },
    "modernizr": {
      "version": "3.11.4",
      "resolved": "https://registry.npmjs.org/modernizr/-/modernizr-3.11.4.tgz",
      "integrity": "sha512-xLtXwvuOqh4WJEKusCmtWLncNWyyjpWDwR7ak9c0oPkR+00tC/6s51Atxf51NKxmPhfVmtQNHU0gYfbIhzixFg==",
      "requires": {
        "doctrine": "^3.0.0",
        "file": "^0.2.2",
        "lodash": "^4.17.20",
        "markdown-it": "^10.0.0",
        "mkdirp": "0.5.5",
        "requirejs": "^2.3.6",
        "yargs": "^15.3.1"
      }
    },
    "moment": {
      "version": "2.29.1",
      "resolved": "https://registry.npmjs.org/moment/-/moment-2.29.1.tgz",
      "integrity": "sha512-kHmoybcPV8Sqy59DwNDY3Jefr64lK/by/da0ViFcuA4DH0vQg5Q6Ze5VimxkfQNSC+Mls/Kx53s7TjP1RhFEDQ=="
    },
    "once": {
      "version": "1.4.0",
      "resolved": "https://registry.npmjs.org/once/-/once-1.4.0.tgz",
      "integrity": "sha1-WDsap3WWHUsROsF9nFC6753Xa9E=",
      "requires": {
        "wrappy": "1"
      }
    },
    "p-limit": {
      "version": "2.3.0",
      "resolved": "https://registry.npmjs.org/p-limit/-/p-limit-2.3.0.tgz",
      "integrity": "sha512-//88mFWSJx8lxCzwdAABTJL2MyWB12+eIY7MDL2SqLmAkeKU9qxRvWuSyTjm3FUmpBEMuFfckAIqEaVGUDxb6w==",
      "requires": {
        "p-try": "^2.0.0"
      }
    },
    "p-locate": {
      "version": "4.1.0",
      "resolved": "https://registry.npmjs.org/p-locate/-/p-locate-4.1.0.tgz",
      "integrity": "sha512-R79ZZ/0wAxKGu3oYMlz8jy/kbhsNrS7SKZ7PxEHBgJ5+F2mtFW2fK2cOtBh1cHYkQsbzFV7I+EoRKe6Yt0oK7A==",
      "requires": {
        "p-limit": "^2.2.0"
      }
    },
    "p-try": {
      "version": "2.2.0",
      "resolved": "https://registry.npmjs.org/p-try/-/p-try-2.2.0.tgz",
      "integrity": "sha512-R4nPAVTAU0B9D35/Gk3uJf/7XYbQcyohSKdvAxIRSNghFl4e71hVoGnBNQz9cWaXxO2I10KTC+3jMdvvoKw6dQ=="
    },
    "papaparse": {
      "version": "5.3.0",
      "resolved": "https://registry.npmjs.org/papaparse/-/papaparse-5.3.0.tgz",
      "integrity": "sha512-Lb7jN/4bTpiuGPrYy4tkKoUS8sTki8zacB5ke1p5zolhcSE4TlWgrlsxjrDTbG/dFVh07ck7X36hUf/b5V68pg=="
    },
    "path-exists": {
      "version": "4.0.0",
      "resolved": "https://registry.npmjs.org/path-exists/-/path-exists-4.0.0.tgz",
      "integrity": "sha512-ak9Qy5Q7jYb2Wwcey5Fpvg2KoAc/ZIhLSLOSBmRmygPsGwkVVt0fZa0qrtMz+m6tJTAHfZQ8FnmB4MG4LWy7/w=="
    },
    "path-is-absolute": {
      "version": "1.0.1",
      "resolved": "https://registry.npmjs.org/path-is-absolute/-/path-is-absolute-1.0.1.tgz",
      "integrity": "sha1-F0uSaHNVNP+8es5r9TpanhtcX18="
    },
    "path-parse": {
      "version": "1.0.6",
      "resolved": "https://registry.npmjs.org/path-parse/-/path-parse-1.0.6.tgz",
      "integrity": "sha512-GSmOT2EbHrINBf9SR7CDELwlJ8AENk3Qn7OikK4nFYAu3Ote2+JYNVvkpAEQm3/TLNEJFD/xZJjzyxg3KBWOzw=="
    },
    "patternomaly": {
      "version": "1.3.2",
      "resolved": "https://registry.npmjs.org/patternomaly/-/patternomaly-1.3.2.tgz",
      "integrity": "sha512-70UhA5+ZrnNgdfDBKXIGbMHpP+naTzfx9vPT4KwIdhtWWs0x6FWZRJQMXXhV2jcK0mxl28FA/2LPAKArNG058Q=="
    },
    "process-nextick-args": {
      "version": "2.0.1",
      "resolved": "https://registry.npmjs.org/process-nextick-args/-/process-nextick-args-2.0.1.tgz",
      "integrity": "sha512-3ouUOpQhtgrbOa17J7+uxOTpITYWaGP7/AhoR3+A+/1e9skrzelGi/dXzEYyvbxubEF6Wn2ypscTKiKJFFn1ag=="
    },
    "readable-stream": {
      "version": "2.3.7",
      "resolved": "https://registry.npmjs.org/readable-stream/-/readable-stream-2.3.7.tgz",
      "integrity": "sha512-Ebho8K4jIbHAxnuxi7o42OrZgF/ZTNcsZj6nRKyUmkhLFq8CHItp/fy6hQZuZmP/n3yZ9VBUbp4zz/mX8hmYPw==",
      "requires": {
        "core-util-is": "~1.0.0",
        "inherits": "~2.0.3",
        "isarray": "~1.0.0",
        "process-nextick-args": "~2.0.0",
        "safe-buffer": "~5.1.1",
        "string_decoder": "~1.1.1",
        "util-deprecate": "~1.0.1"
      }
    },
    "remove-trailing-separator": {
      "version": "1.1.0",
      "resolved": "https://registry.npmjs.org/remove-trailing-separator/-/remove-trailing-separator-1.1.0.tgz",
      "integrity": "sha1-wkvOKig62tW8P1jg1IJJuSN52O8="
    },
    "replace-ext": {
      "version": "1.0.1",
      "resolved": "https://registry.npmjs.org/replace-ext/-/replace-ext-1.0.1.tgz",
      "integrity": "sha512-yD5BHCe7quCgBph4rMQ+0KkIRKwWCrHDOX1p1Gp6HwjPM5kVoCdKGNhN7ydqqsX6lJEnQDKZ/tFMiEdQ1dvPEw=="
    },
    "require-directory": {
      "version": "2.1.1",
      "resolved": "https://registry.npmjs.org/require-directory/-/require-directory-2.1.1.tgz",
      "integrity": "sha1-jGStX9MNqxyXbiNE/+f3kqam30I="
    },
    "require-main-filename": {
      "version": "2.0.0",
      "resolved": "https://registry.npmjs.org/require-main-filename/-/require-main-filename-2.0.0.tgz",
      "integrity": "sha512-NKN5kMDylKuldxYLSUfrbo5Tuzh4hd+2E8NPPX02mZtn1VuREQToYe/ZdlJy+J3uCpfaiGF05e7B8W0iXbQHmg=="
    },
    "requirejs": {
      "version": "2.3.6",
      "resolved": "https://registry.npmjs.org/requirejs/-/requirejs-2.3.6.tgz",
      "integrity": "sha512-ipEzlWQe6RK3jkzikgCupiTbTvm4S0/CAU5GlgptkN5SO6F3u0UD0K18wy6ErDqiCyP4J4YYe1HuAShvsxePLg=="
    },
    "resolve": {
      "version": "1.19.0",
      "resolved": "https://registry.npmjs.org/resolve/-/resolve-1.19.0.tgz",
      "integrity": "sha512-rArEXAgsBG4UgRGcynxWIWKFvh/XZCcS8UJdHhwy91zwAvCZIbcs+vAbflgBnNjYMs/i/i+/Ux6IZhML1yPvxg==",
      "requires": {
        "is-core-module": "^2.1.0",
        "path-parse": "^1.0.6"
      }
    },
    "rollup": {
      "version": "0.41.6",
      "resolved": "https://registry.npmjs.org/rollup/-/rollup-0.41.6.tgz",
      "integrity": "sha1-4NBUl4d6OYwQTYFtJzOnGKepTio=",
      "requires": {
        "source-map-support": "^0.4.0"
      }
    },
    "rollup-plugin-memory": {
      "version": "2.0.0",
      "resolved": "https://registry.npmjs.org/rollup-plugin-memory/-/rollup-plugin-memory-2.0.0.tgz",
      "integrity": "sha1-CorGtX+g5xT4mhXDrIK8k/icR8U="
    },
    "rollup-plugin-node-resolve": {
      "version": "3.4.0",
      "resolved": "https://registry.npmjs.org/rollup-plugin-node-resolve/-/rollup-plugin-node-resolve-3.4.0.tgz",
      "integrity": "sha512-PJcd85dxfSBWih84ozRtBkB731OjXk0KnzN0oGp7WOWcarAFkVa71cV5hTJg2qpVsV2U8EUwrzHP3tvy9vS3qg==",
      "requires": {
        "builtin-modules": "^2.0.0",
        "is-module": "^1.0.0",
        "resolve": "^1.1.6"
      }
    },
    "safe-buffer": {
      "version": "5.1.2",
      "resolved": "https://registry.npmjs.org/safe-buffer/-/safe-buffer-5.1.2.tgz",
      "integrity": "sha512-Gd2UZBJDkXlY7GbJxfsE8/nvKkUEU1G38c1siN6QP6a9PT9MmHB8GnpscSmMJSoF8LOIrt8ud/wPtojys4G6+g=="
    },
    "set-blocking": {
      "version": "2.0.0",
      "resolved": "https://registry.npmjs.org/set-blocking/-/set-blocking-2.0.0.tgz",
      "integrity": "sha1-BF+XgtARrppoA93TgrJDkrPYkPc="
    },
    "source-list-map": {
      "version": "0.1.8",
      "resolved": "https://registry.npmjs.org/source-list-map/-/source-list-map-0.1.8.tgz",
      "integrity": "sha1-xVCyq1Qn9rPyH1r+rYjE9Vh7IQY="
    },
    "source-map": {
      "version": "0.5.7",
      "resolved": "https://registry.npmjs.org/source-map/-/source-map-0.5.7.tgz",
      "integrity": "sha1-igOdLRAh0i0eoUyA2OpGi6LvP8w="
    },
    "source-map-support": {
      "version": "0.4.18",
      "resolved": "https://registry.npmjs.org/source-map-support/-/source-map-support-0.4.18.tgz",
      "integrity": "sha512-try0/JqxPLF9nOjvSta7tVondkP5dwgyLDjVoyMDlmjugT2lRZ1OfsrYTkCd2hkDnJTKRbO/Rl3orm8vlsUzbA==",
      "requires": {
        "source-map": "^0.5.6"
      }
    },
    "sprintf-js": {
      "version": "1.0.3",
      "resolved": "https://registry.npmjs.org/sprintf-js/-/sprintf-js-1.0.3.tgz",
      "integrity": "sha1-BOaSb2YolTVPPdAVIDYzuFcpfiw="
    },
    "string-width": {
      "version": "4.2.0",
      "resolved": "https://registry.npmjs.org/string-width/-/string-width-4.2.0.tgz",
      "integrity": "sha512-zUz5JD+tgqtuDjMhwIg5uFVV3dtqZ9yQJlZVfq4I01/K5Paj5UHj7VyrQOJvzawSVlKpObApbfD0Ed6yJc+1eg==",
      "requires": {
        "emoji-regex": "^8.0.0",
        "is-fullwidth-code-point": "^3.0.0",
        "strip-ansi": "^6.0.0"
      },
      "dependencies": {
        "ansi-regex": {
          "version": "5.0.0",
          "resolved": "https://registry.npmjs.org/ansi-regex/-/ansi-regex-5.0.0.tgz",
          "integrity": "sha512-bY6fj56OUQ0hU1KjFNDQuJFezqKdrAyFdIevADiqrWHwSlbmBNMHp5ak2f40Pm8JTFyM2mqxkG6ngkHO11f/lg=="
        },
        "strip-ansi": {
          "version": "6.0.0",
          "resolved": "https://registry.npmjs.org/strip-ansi/-/strip-ansi-6.0.0.tgz",
          "integrity": "sha512-AuvKTrTfQNYNIctbR1K/YGTR1756GycPsg7b9bdV9Duqur4gv6aKqHXah67Z8ImS7WEz5QVcOtlfW2rZEugt6w==",
          "requires": {
            "ansi-regex": "^5.0.0"
          }
        }
      }
    },
    "string_decoder": {
      "version": "1.1.1",
      "resolved": "https://registry.npmjs.org/string_decoder/-/string_decoder-1.1.1.tgz",
      "integrity": "sha512-n/ShnvDi6FHbbVfviro+WojiFzv+s8MPMHBczVePfUpDJLwoLT0ht1l4YwBCbi8pJAveEEdnkHyPyTP/mzRfwg==",
      "requires": {
        "safe-buffer": "~5.1.0"
      }
    },
    "strip-ansi": {
      "version": "3.0.1",
      "resolved": "https://registry.npmjs.org/strip-ansi/-/strip-ansi-3.0.1.tgz",
      "integrity": "sha1-ajhfuIU9lS1f8F0Oiq+UJ43GPc8=",
      "requires": {
        "ansi-regex": "^2.0.0"
      }
    },
    "supports-color": {
      "version": "2.0.0",
      "resolved": "https://registry.npmjs.org/supports-color/-/supports-color-2.0.0.tgz",
      "integrity": "sha1-U10EXOa2Nj+kARcIRimZXp3zJMc="
    },
    "tether": {
      "version": "1.4.0",
      "resolved": "https://registry.npmjs.org/tether/-/tether-1.4.0.tgz",
      "integrity": "sha1-D5+hcfdb9YSF2BSelHmdeudNHBo="
    },
    "uc.micro": {
      "version": "1.0.6",
      "resolved": "https://registry.npmjs.org/uc.micro/-/uc.micro-1.0.6.tgz",
      "integrity": "sha512-8Y75pvTYkLJW2hWQHXxoqRgV7qb9B+9vFEtidML+7koHUFapnVJAZ6cKs+Qjz5Aw3aZWHMC6u0wJE3At+nSGwA=="
    },
    "underscore": {
      "version": "1.8.3",
      "resolved": "https://registry.npmjs.org/underscore/-/underscore-1.8.3.tgz",
      "integrity": "sha1-Tz+1OxBuYJf8+ctBCfKl6b36UCI="
    },
    "universalify": {
      "version": "0.1.2",
      "resolved": "https://registry.npmjs.org/universalify/-/universalify-0.1.2.tgz",
      "integrity": "sha512-rBJeI5CXAlmy1pV+617WB9J63U6XcazHHF2f2dbJix4XzpUF0RS3Zbj0FGIOCAva5P/d/GBOYaACQ1w+0azUkg=="
    },
    "util-deprecate": {
      "version": "1.0.2",
      "resolved": "https://registry.npmjs.org/util-deprecate/-/util-deprecate-1.0.2.tgz",
      "integrity": "sha1-RQ1Nyfpw3nMnYvvS1KKJgUGaDM8="
    },
    "vinyl": {
      "version": "2.2.1",
      "resolved": "https://registry.npmjs.org/vinyl/-/vinyl-2.2.1.tgz",
      "integrity": "sha512-LII3bXRFBZLlezoG5FfZVcXflZgWP/4dCwKtxd5ky9+LOtM4CS3bIRQsmR1KMnMW07jpE8fqR2lcxPZ+8sJIcw==",
      "requires": {
        "clone": "^2.1.1",
        "clone-buffer": "^1.0.0",
        "clone-stats": "^1.0.0",
        "cloneable-readable": "^1.0.0",
        "remove-trailing-separator": "^1.0.1",
        "replace-ext": "^1.0.0"
      }
    },
    "webpack-core": {
      "version": "0.6.9",
      "resolved": "https://registry.npmjs.org/webpack-core/-/webpack-core-0.6.9.tgz",
      "integrity": "sha1-/FcViMhVjad76e+23r3Fo7FyvcI=",
      "requires": {
        "source-list-map": "~0.1.7",
        "source-map": "~0.4.1"
      },
      "dependencies": {
        "source-map": {
          "version": "0.4.4",
          "resolved": "https://registry.npmjs.org/source-map/-/source-map-0.4.4.tgz",
          "integrity": "sha1-66T12pwNyZneaAMti092FzZSA2s=",
          "requires": {
            "amdefine": ">=0.0.4"
          }
        }
      }
    },
    "which-module": {
      "version": "2.0.0",
      "resolved": "https://registry.npmjs.org/which-module/-/which-module-2.0.0.tgz",
      "integrity": "sha1-2e8H3Od7mQK4o6j6SzHD4/fm6Ho="
    },
    "wrap-ansi": {
      "version": "6.2.0",
      "resolved": "https://registry.npmjs.org/wrap-ansi/-/wrap-ansi-6.2.0.tgz",
      "integrity": "sha512-r6lPcBGxZXlIcymEu7InxDMhdW0KDxpLgoFLcguasxCaJ/SOIZwINatK9KY/tf+ZrlywOKU0UDj3ATXUBfxJXA==",
      "requires": {
        "ansi-styles": "^4.0.0",
        "string-width": "^4.1.0",
        "strip-ansi": "^6.0.0"
      },
      "dependencies": {
        "ansi-regex": {
          "version": "5.0.0",
          "resolved": "https://registry.npmjs.org/ansi-regex/-/ansi-regex-5.0.0.tgz",
          "integrity": "sha512-bY6fj56OUQ0hU1KjFNDQuJFezqKdrAyFdIevADiqrWHwSlbmBNMHp5ak2f40Pm8JTFyM2mqxkG6ngkHO11f/lg=="
        },
        "ansi-styles": {
          "version": "4.3.0",
          "resolved": "https://registry.npmjs.org/ansi-styles/-/ansi-styles-4.3.0.tgz",
          "integrity": "sha512-zbB9rCJAT1rbjiVDb2hqKFHNYLxgtk8NURxZ3IZwD3F6NtxbXZQCnnSi1Lkx+IDohdPlFp222wVALIheZJQSEg==",
          "requires": {
            "color-convert": "^2.0.1"
          }
        },
        "color-convert": {
          "version": "2.0.1",
          "resolved": "https://registry.npmjs.org/color-convert/-/color-convert-2.0.1.tgz",
          "integrity": "sha512-RRECPsj7iu/xb5oKYcsFHSppFNnsj/52OVTRKb4zP5onXwVF3zVmmToNcOfGC+CRDpfK/U584fMg38ZHCaElKQ==",
          "requires": {
            "color-name": "~1.1.4"
          }
        },
        "strip-ansi": {
          "version": "6.0.0",
          "resolved": "https://registry.npmjs.org/strip-ansi/-/strip-ansi-6.0.0.tgz",
          "integrity": "sha512-AuvKTrTfQNYNIctbR1K/YGTR1756GycPsg7b9bdV9Duqur4gv6aKqHXah67Z8ImS7WEz5QVcOtlfW2rZEugt6w==",
          "requires": {
            "ansi-regex": "^5.0.0"
          }
        }
      }
    },
    "wrappy": {
      "version": "1.0.2",
      "resolved": "https://registry.npmjs.org/wrappy/-/wrappy-1.0.2.tgz",
      "integrity": "sha1-tSQ9jz7BqjXxNkYFvA0QNuMKtp8="
    },
    "y18n": {
      "version": "4.0.1",
      "resolved": "https://registry.npmjs.org/y18n/-/y18n-4.0.1.tgz",
      "integrity": "sha512-wNcy4NvjMYL8gogWWYAO7ZFWFfHcbdbE57tZO8e4cbpj8tfUcwrwqSl3ad8HxpYWCdXcJUCeKKZS62Av1affwQ=="
    },
    "yargs": {
      "version": "15.4.1",
      "resolved": "https://registry.npmjs.org/yargs/-/yargs-15.4.1.tgz",
      "integrity": "sha512-aePbxDmcYW++PaqBsJ+HYUFwCdv4LVvdnhBy78E57PIor8/OVvhMrADFFEDh8DHDFRv/O9i3lPhsENjO7QX0+A==",
      "requires": {
        "cliui": "^6.0.0",
        "decamelize": "^1.2.0",
        "find-up": "^4.1.0",
        "get-caller-file": "^2.0.1",
        "require-directory": "^2.1.1",
        "require-main-filename": "^2.0.0",
        "set-blocking": "^2.0.0",
        "string-width": "^4.2.0",
        "which-module": "^2.0.0",
        "y18n": "^4.0.0",
        "yargs-parser": "^18.1.2"
      }
    },
    "yargs-parser": {
      "version": "18.1.3",
      "resolved": "https://registry.npmjs.org/yargs-parser/-/yargs-parser-18.1.3.tgz",
      "integrity": "sha512-o50j0JeToy/4K6OZcaQmW6lyXXKhq7csREXcDwk2omFPJEwUNOVtJKvmDr9EI1fAJZUyZcRF7kxGBWmRXudrCQ==",
      "requires": {
        "camelcase": "^5.0.0",
        "decamelize": "^1.2.0"
      }
    }
  }
}
